// !$*UTF8*$!
{
	archiveVersion = 1;
	classes = {
	};
	objectVersion = 56;
	objects = {

/* Begin PBXBuildFile section */
		7311A06429A9612E003B8153 /* TabBarController.swift in Sources */ = {isa = PBXBuildFile; fileRef = 7311A06329A9612E003B8153 /* TabBarController.swift */; };
		7311A06629A961D1003B8153 /* HomeController.swift in Sources */ = {isa = PBXBuildFile; fileRef = 7311A06529A961D1003B8153 /* HomeController.swift */; };
		7311A06829A961E3003B8153 /* ToDoController.swift in Sources */ = {isa = PBXBuildFile; fileRef = 7311A06729A961E3003B8153 /* ToDoController.swift */; };
		7311A06A29A961EF003B8153 /* SettingsController.swift in Sources */ = {isa = PBXBuildFile; fileRef = 7311A06929A961EF003B8153 /* SettingsController.swift */; };
		7311A06E29A9646B003B8153 /* ToDoCollectionViewCell.swift in Sources */ = {isa = PBXBuildFile; fileRef = 7311A06D29A9646B003B8153 /* ToDoCollectionViewCell.swift */; };
		7311A07029A965F3003B8153 /* ToDoTableViewController.swift in Sources */ = {isa = PBXBuildFile; fileRef = 7311A06F29A965F3003B8153 /* ToDoTableViewController.swift */; };
		ED18B73A29AAA9E80051A18C /* ToDoView.swift in Sources */ = {isa = PBXBuildFile; fileRef = ED18B73929AAA9E80051A18C /* ToDoView.swift */; };
		ED5D738629A143F5004DB457 /* AppDelegate.swift in Sources */ = {isa = PBXBuildFile; fileRef = ED5D738529A143F5004DB457 /* AppDelegate.swift */; };
		ED5D738829A143F5004DB457 /* SceneDelegate.swift in Sources */ = {isa = PBXBuildFile; fileRef = ED5D738729A143F5004DB457 /* SceneDelegate.swift */; };
		ED5D738F29A143F6004DB457 /* Assets.xcassets in Resources */ = {isa = PBXBuildFile; fileRef = ED5D738E29A143F6004DB457 /* Assets.xcassets */; };
		ED5D739229A143F6004DB457 /* LaunchScreen.storyboard in Resources */ = {isa = PBXBuildFile; fileRef = ED5D739029A143F6004DB457 /* LaunchScreen.storyboard */; };
		EDC3806729A15C96008CCA96 /* OnboardingController.swift in Sources */ = {isa = PBXBuildFile; fileRef = EDC3806629A15C96008CCA96 /* OnboardingController.swift */; };
		EDFA95C929A9728900865037 /* LottieAnimation.swift in Sources */ = {isa = PBXBuildFile; fileRef = EDFA95C829A9728900865037 /* LottieAnimation.swift */; };
		EDFA95D029A9767600865037 /* animation5.json in Resources */ = {isa = PBXBuildFile; fileRef = EDFA95CB29A9767600865037 /* animation5.json */; };
		EDFA95D129A9767600865037 /* animation1.json in Resources */ = {isa = PBXBuildFile; fileRef = EDFA95CC29A9767600865037 /* animation1.json */; };
		EDFA95D229A9767600865037 /* animation2.json in Resources */ = {isa = PBXBuildFile; fileRef = EDFA95CD29A9767600865037 /* animation2.json */; };
		EDFA95D329A9767600865037 /* animation3.json in Resources */ = {isa = PBXBuildFile; fileRef = EDFA95CE29A9767600865037 /* animation3.json */; };
		EDFA95D429A9767600865037 /* animation4.json in Resources */ = {isa = PBXBuildFile; fileRef = EDFA95CF29A9767600865037 /* animation4.json */; };
		EDFA95D729A9774900865037 /* OnboardingView.swift in Sources */ = {isa = PBXBuildFile; fileRef = EDFA95D629A9774900865037 /* OnboardingView.swift */; };
		EDFA95D929A979F600865037 /* OnboardingCVCell.swift in Sources */ = {isa = PBXBuildFile; fileRef = EDFA95D829A979F600865037 /* OnboardingCVCell.swift */; };
		EDFA95DC29A98F1C00865037 /* Lottie in Frameworks */ = {isa = PBXBuildFile; productRef = EDFA95DB29A98F1C00865037 /* Lottie */; };
/* End PBXBuildFile section */

/* Begin PBXFileReference section */
		7311A06329A9612E003B8153 /* TabBarController.swift */ = {isa = PBXFileReference; lastKnownFileType = sourcecode.swift; path = TabBarController.swift; sourceTree = "<group>"; };
		7311A06529A961D1003B8153 /* HomeController.swift */ = {isa = PBXFileReference; lastKnownFileType = sourcecode.swift; path = HomeController.swift; sourceTree = "<group>"; };
		7311A06729A961E3003B8153 /* ToDoController.swift */ = {isa = PBXFileReference; lastKnownFileType = sourcecode.swift; path = ToDoController.swift; sourceTree = "<group>"; };
		7311A06929A961EF003B8153 /* SettingsController.swift */ = {isa = PBXFileReference; lastKnownFileType = sourcecode.swift; path = SettingsController.swift; sourceTree = "<group>"; };
		7311A06D29A9646B003B8153 /* ToDoCollectionViewCell.swift */ = {isa = PBXFileReference; lastKnownFileType = sourcecode.swift; name = ToDoCollectionViewCell.swift; path = PomodoroApp/View/Onboarding/Todo/ToDoCollectionViewCell.swift; sourceTree = SOURCE_ROOT; };
		7311A06F29A965F3003B8153 /* ToDoTableViewController.swift */ = {isa = PBXFileReference; lastKnownFileType = sourcecode.swift; path = ToDoTableViewController.swift; sourceTree = "<group>"; };
		ED18B73929AAA9E80051A18C /* ToDoView.swift */ = {isa = PBXFileReference; lastKnownFileType = sourcecode.swift; path = ToDoView.swift; sourceTree = "<group>"; };
		ED5D738229A143F5004DB457 /* PomodoroApp.app */ = {isa = PBXFileReference; explicitFileType = wrapper.application; includeInIndex = 0; path = PomodoroApp.app; sourceTree = BUILT_PRODUCTS_DIR; };
		ED5D738529A143F5004DB457 /* AppDelegate.swift */ = {isa = PBXFileReference; lastKnownFileType = sourcecode.swift; path = AppDelegate.swift; sourceTree = "<group>"; };
		ED5D738729A143F5004DB457 /* SceneDelegate.swift */ = {isa = PBXFileReference; lastKnownFileType = sourcecode.swift; path = SceneDelegate.swift; sourceTree = "<group>"; };
		ED5D738E29A143F6004DB457 /* Assets.xcassets */ = {isa = PBXFileReference; lastKnownFileType = folder.assetcatalog; path = Assets.xcassets; sourceTree = "<group>"; };
		ED5D739129A143F6004DB457 /* Base */ = {isa = PBXFileReference; lastKnownFileType = file.storyboard; name = Base; path = Base.lproj/LaunchScreen.storyboard; sourceTree = "<group>"; };
		ED5D739329A143F6004DB457 /* Info.plist */ = {isa = PBXFileReference; lastKnownFileType = text.plist.xml; path = Info.plist; sourceTree = "<group>"; };
		EDC3806629A15C96008CCA96 /* OnboardingController.swift */ = {isa = PBXFileReference; lastKnownFileType = sourcecode.swift; path = OnboardingController.swift; sourceTree = "<group>"; };
		EDFA95C829A9728900865037 /* LottieAnimation.swift */ = {isa = PBXFileReference; lastKnownFileType = sourcecode.swift; path = LottieAnimation.swift; sourceTree = "<group>"; };
		EDFA95CB29A9767600865037 /* animation5.json */ = {isa = PBXFileReference; fileEncoding = 4; lastKnownFileType = text.json; path = animation5.json; sourceTree = "<group>"; };
		EDFA95CC29A9767600865037 /* animation1.json */ = {isa = PBXFileReference; fileEncoding = 4; lastKnownFileType = text.json; path = animation1.json; sourceTree = "<group>"; };
		EDFA95CD29A9767600865037 /* animation2.json */ = {isa = PBXFileReference; fileEncoding = 4; lastKnownFileType = text.json; path = animation2.json; sourceTree = "<group>"; };
		EDFA95CE29A9767600865037 /* animation3.json */ = {isa = PBXFileReference; fileEncoding = 4; lastKnownFileType = text.json; path = animation3.json; sourceTree = "<group>"; };
		EDFA95CF29A9767600865037 /* animation4.json */ = {isa = PBXFileReference; fileEncoding = 4; lastKnownFileType = text.json; path = animation4.json; sourceTree = "<group>"; };
		EDFA95D629A9774900865037 /* OnboardingView.swift */ = {isa = PBXFileReference; lastKnownFileType = sourcecode.swift; path = OnboardingView.swift; sourceTree = "<group>"; };
		EDFA95D829A979F600865037 /* OnboardingCVCell.swift */ = {isa = PBXFileReference; lastKnownFileType = sourcecode.swift; path = OnboardingCVCell.swift; sourceTree = "<group>"; };
/* End PBXFileReference section */

/* Begin PBXFrameworksBuildPhase section */
		ED5D737F29A143F5004DB457 /* Frameworks */ = {
			isa = PBXFrameworksBuildPhase;
			buildActionMask = 2147483647;
			files = (
				EDFA95DC29A98F1C00865037 /* Lottie in Frameworks */,
			);
			runOnlyForDeploymentPostprocessing = 0;
		};
/* End PBXFrameworksBuildPhase section */

/* Begin PBXGroup section */
		ED18B73829AAA8F20051A18C /* Todo */ = {
			isa = PBXGroup;
			children = (
				ED18B73929AAA9E80051A18C /* ToDoView.swift */,
				7311A06D29A9646B003B8153 /* ToDoCollectionViewCell.swift */,
			);
			name = Todo;
			path = Onboarding/Todo;
			sourceTree = "<group>";
		};
		ED5D737929A143F5004DB457 = {
			isa = PBXGroup;
			children = (
				ED5D738429A143F5004DB457 /* PomodoroApp */,
				ED5D738329A143F5004DB457 /* Products */,
			);
			sourceTree = "<group>";
		};
		ED5D738329A143F5004DB457 /* Products */ = {
			isa = PBXGroup;
			children = (
				ED5D738229A143F5004DB457 /* PomodoroApp.app */,
			);
			name = Products;
			sourceTree = "<group>";
		};
		ED5D738429A143F5004DB457 /* PomodoroApp */ = {
			isa = PBXGroup;
			children = (
				EDC3806529A154A8008CCA96 /* Files */,
				EDC3806429A1546E008CCA96 /* ViewModel */,
				EDC3806329A15466008CCA96 /* View */,
				EDC3806229A15423008CCA96 /* Model */,
				EDC3806129A153DE008CCA96 /* Resources */,
				EDC3806029A153C6008CCA96 /* Controllers */,
				ED5D739329A143F6004DB457 /* Info.plist */,
			);
			path = PomodoroApp;
			sourceTree = "<group>";
		};
		EDC3806029A153C6008CCA96 /* Controllers */ = {
			isa = PBXGroup;
			children = (
				EDC3806629A15C96008CCA96 /* OnboardingController.swift */,
				7311A06329A9612E003B8153 /* TabBarController.swift */,
				7311A06529A961D1003B8153 /* HomeController.swift */,
				7311A06729A961E3003B8153 /* ToDoController.swift */,
				7311A06929A961EF003B8153 /* SettingsController.swift */,
				7311A06F29A965F3003B8153 /* ToDoTableViewController.swift */,
			);
			path = Controllers;
			sourceTree = "<group>";
		};
		EDC3806129A153DE008CCA96 /* Resources */ = {
			isa = PBXGroup;
			children = (
				ED5D738729A143F5004DB457 /* SceneDelegate.swift */,
				ED5D738529A143F5004DB457 /* AppDelegate.swift */,
			);
			path = Resources;
			sourceTree = "<group>";
		};
		EDC3806229A15423008CCA96 /* Model */ = {
			isa = PBXGroup;
			children = (
				EDFA95C829A9728900865037 /* LottieAnimation.swift */,
			);
			path = Model;
			sourceTree = "<group>";
		};
		EDC3806329A15466008CCA96 /* View */ = {
			isa = PBXGroup;
			children = (
				ED18B73829AAA8F20051A18C /* Todo */,
				EDFA95D529A9773800865037 /* Onboarding */,
			);
			path = View;
			sourceTree = "<group>";
		};
		EDC3806429A1546E008CCA96 /* ViewModel */ = {
			isa = PBXGroup;
			children = (
			);
			path = ViewModel;
			sourceTree = "<group>";
		};
		EDC3806529A154A8008CCA96 /* Files */ = {
			isa = PBXGroup;
			children = (
				EDFA95CA29A9762500865037 /* Lotties */,
				ED5D739029A143F6004DB457 /* LaunchScreen.storyboard */,
				ED5D738E29A143F6004DB457 /* Assets.xcassets */,
			);
			path = Files;
			sourceTree = "<group>";
		};
		EDFA95CA29A9762500865037 /* Lotties */ = {
			isa = PBXGroup;
			children = (
				EDFA95CC29A9767600865037 /* animation1.json */,
				EDFA95CD29A9767600865037 /* animation2.json */,
				EDFA95CE29A9767600865037 /* animation3.json */,
				EDFA95CF29A9767600865037 /* animation4.json */,
				EDFA95CB29A9767600865037 /* animation5.json */,
			);
			path = Lotties;
			sourceTree = "<group>";
		};
		EDFA95D529A9773800865037 /* Onboarding */ = {
			isa = PBXGroup;
			children = (
				EDFA95D629A9774900865037 /* OnboardingView.swift */,
				EDFA95D829A979F600865037 /* OnboardingCVCell.swift */,
			);
			path = Onboarding;
			sourceTree = "<group>";
		};
/* End PBXGroup section */

/* Begin PBXNativeTarget section */
		ED5D738129A143F5004DB457 /* PomodoroApp */ = {
			isa = PBXNativeTarget;
			buildConfigurationList = ED5D739629A143F6004DB457 /* Build configuration list for PBXNativeTarget "PomodoroApp" */;
			buildPhases = (
				ED5D737E29A143F5004DB457 /* Sources */,
				ED5D737F29A143F5004DB457 /* Frameworks */,
				ED5D738029A143F5004DB457 /* Resources */,
			);
			buildRules = (
			);
			dependencies = (
			);
			name = PomodoroApp;
			packageProductDependencies = (
				EDFA95DB29A98F1C00865037 /* Lottie */,
			);
			productName = PomodoroApp;
			productReference = ED5D738229A143F5004DB457 /* PomodoroApp.app */;
			productType = "com.apple.product-type.application";
		};
/* End PBXNativeTarget section */

/* Begin PBXProject section */
		ED5D737A29A143F5004DB457 /* Project object */ = {
			isa = PBXProject;
			attributes = {
				BuildIndependentTargetsInParallel = 1;
				LastSwiftUpdateCheck = 1410;
				LastUpgradeCheck = 1410;
				TargetAttributes = {
					ED5D738129A143F5004DB457 = {
						CreatedOnToolsVersion = 14.1;
					};
				};
			};
			buildConfigurationList = ED5D737D29A143F5004DB457 /* Build configuration list for PBXProject "PomodoroApp" */;
			compatibilityVersion = "Xcode 14.0";
			developmentRegion = en;
			hasScannedForEncodings = 0;
			knownRegions = (
				en,
				Base,
			);
			mainGroup = ED5D737929A143F5004DB457;
			packageReferences = (
				EDFA95DA29A98F1C00865037 /* XCRemoteSwiftPackageReference "lottie-spm" */,
			);
			productRefGroup = ED5D738329A143F5004DB457 /* Products */;
			projectDirPath = "";
			projectRoot = "";
			targets = (
				ED5D738129A143F5004DB457 /* PomodoroApp */,
			);
		};
/* End PBXProject section */

/* Begin PBXResourcesBuildPhase section */
		ED5D738029A143F5004DB457 /* Resources */ = {
			isa = PBXResourcesBuildPhase;
			buildActionMask = 2147483647;
			files = (
				EDFA95D129A9767600865037 /* animation1.json in Resources */,
				ED5D739229A143F6004DB457 /* LaunchScreen.storyboard in Resources */,
				EDFA95D029A9767600865037 /* animation5.json in Resources */,
				ED5D738F29A143F6004DB457 /* Assets.xcassets in Resources */,
				EDFA95D429A9767600865037 /* animation4.json in Resources */,
				EDFA95D329A9767600865037 /* animation3.json in Resources */,
				EDFA95D229A9767600865037 /* animation2.json in Resources */,
			);
			runOnlyForDeploymentPostprocessing = 0;
		};
/* End PBXResourcesBuildPhase section */

/* Begin PBXSourcesBuildPhase section */
		ED5D737E29A143F5004DB457 /* Sources */ = {
			isa = PBXSourcesBuildPhase;
			buildActionMask = 2147483647;
			files = (
				ED18B73A29AAA9E80051A18C /* ToDoView.swift in Sources */,
				ED5D738629A143F5004DB457 /* AppDelegate.swift in Sources */,
				7311A06429A9612E003B8153 /* TabBarController.swift in Sources */,
				EDFA95D929A979F600865037 /* OnboardingCVCell.swift in Sources */,
				ED5D738829A143F5004DB457 /* SceneDelegate.swift in Sources */,
				7311A06A29A961EF003B8153 /* SettingsController.swift in Sources */,
				EDC3806729A15C96008CCA96 /* OnboardingController.swift in Sources */,
				EDFA95C929A9728900865037 /* LottieAnimation.swift in Sources */,
				7311A06629A961D1003B8153 /* HomeController.swift in Sources */,
				7311A06829A961E3003B8153 /* ToDoController.swift in Sources */,
				EDFA95D729A9774900865037 /* OnboardingView.swift in Sources */,
				7311A06E29A9646B003B8153 /* ToDoCollectionViewCell.swift in Sources */,
				7311A07029A965F3003B8153 /* ToDoTableViewController.swift in Sources */,
			);
			runOnlyForDeploymentPostprocessing = 0;
		};
/* End PBXSourcesBuildPhase section */

/* Begin PBXVariantGroup section */
		ED5D739029A143F6004DB457 /* LaunchScreen.storyboard */ = {
			isa = PBXVariantGroup;
			children = (
				ED5D739129A143F6004DB457 /* Base */,
			);
			name = LaunchScreen.storyboard;
			sourceTree = "<group>";
		};
/* End PBXVariantGroup section */

/* Begin XCBuildConfiguration section */
		ED5D739429A143F6004DB457 /* Debug */ = {
			isa = XCBuildConfiguration;
			buildSettings = {
				ALWAYS_SEARCH_USER_PATHS = NO;
				CLANG_ANALYZER_NONNULL = YES;
				CLANG_ANALYZER_NUMBER_OBJECT_CONVERSION = YES_AGGRESSIVE;
				CLANG_CXX_LANGUAGE_STANDARD = "gnu++20";
				CLANG_ENABLE_MODULES = YES;
				CLANG_ENABLE_OBJC_ARC = YES;
				CLANG_ENABLE_OBJC_WEAK = YES;
				CLANG_WARN_BLOCK_CAPTURE_AUTORELEASING = YES;
				CLANG_WARN_BOOL_CONVERSION = YES;
				CLANG_WARN_COMMA = YES;
				CLANG_WARN_CONSTANT_CONVERSION = YES;
				CLANG_WARN_DEPRECATED_OBJC_IMPLEMENTATIONS = YES;
				CLANG_WARN_DIRECT_OBJC_ISA_USAGE = YES_ERROR;
				CLANG_WARN_DOCUMENTATION_COMMENTS = YES;
				CLANG_WARN_EMPTY_BODY = YES;
				CLANG_WARN_ENUM_CONVERSION = YES;
				CLANG_WARN_INFINITE_RECURSION = YES;
				CLANG_WARN_INT_CONVERSION = YES;
				CLANG_WARN_NON_LITERAL_NULL_CONVERSION = YES;
				CLANG_WARN_OBJC_IMPLICIT_RETAIN_SELF = YES;
				CLANG_WARN_OBJC_LITERAL_CONVERSION = YES;
				CLANG_WARN_OBJC_ROOT_CLASS = YES_ERROR;
				CLANG_WARN_QUOTED_INCLUDE_IN_FRAMEWORK_HEADER = YES;
				CLANG_WARN_RANGE_LOOP_ANALYSIS = YES;
				CLANG_WARN_STRICT_PROTOTYPES = YES;
				CLANG_WARN_SUSPICIOUS_MOVE = YES;
				CLANG_WARN_UNGUARDED_AVAILABILITY = YES_AGGRESSIVE;
				CLANG_WARN_UNREACHABLE_CODE = YES;
				CLANG_WARN__DUPLICATE_METHOD_MATCH = YES;
				COPY_PHASE_STRIP = NO;
				DEBUG_INFORMATION_FORMAT = dwarf;
				ENABLE_STRICT_OBJC_MSGSEND = YES;
				ENABLE_TESTABILITY = YES;
				GCC_C_LANGUAGE_STANDARD = gnu11;
				GCC_DYNAMIC_NO_PIC = NO;
				GCC_NO_COMMON_BLOCKS = YES;
				GCC_OPTIMIZATION_LEVEL = 0;
				GCC_PREPROCESSOR_DEFINITIONS = (
					"DEBUG=1",
					"$(inherited)",
				);
				GCC_WARN_64_TO_32_BIT_CONVERSION = YES;
				GCC_WARN_ABOUT_RETURN_TYPE = YES_ERROR;
				GCC_WARN_UNDECLARED_SELECTOR = YES;
				GCC_WARN_UNINITIALIZED_AUTOS = YES_AGGRESSIVE;
				GCC_WARN_UNUSED_FUNCTION = YES;
				GCC_WARN_UNUSED_VARIABLE = YES;
				IPHONEOS_DEPLOYMENT_TARGET = 16.1;
				MTL_ENABLE_DEBUG_INFO = INCLUDE_SOURCE;
				MTL_FAST_MATH = YES;
				ONLY_ACTIVE_ARCH = YES;
				SDKROOT = iphoneos;
				SWIFT_ACTIVE_COMPILATION_CONDITIONS = DEBUG;
				SWIFT_OPTIMIZATION_LEVEL = "-Onone";
			};
			name = Debug;
		};
		ED5D739529A143F6004DB457 /* Release */ = {
			isa = XCBuildConfiguration;
			buildSettings = {
				ALWAYS_SEARCH_USER_PATHS = NO;
				CLANG_ANALYZER_NONNULL = YES;
				CLANG_ANALYZER_NUMBER_OBJECT_CONVERSION = YES_AGGRESSIVE;
				CLANG_CXX_LANGUAGE_STANDARD = "gnu++20";
				CLANG_ENABLE_MODULES = YES;
				CLANG_ENABLE_OBJC_ARC = YES;
				CLANG_ENABLE_OBJC_WEAK = YES;
				CLANG_WARN_BLOCK_CAPTURE_AUTORELEASING = YES;
				CLANG_WARN_BOOL_CONVERSION = YES;
				CLANG_WARN_COMMA = YES;
				CLANG_WARN_CONSTANT_CONVERSION = YES;
				CLANG_WARN_DEPRECATED_OBJC_IMPLEMENTATIONS = YES;
				CLANG_WARN_DIRECT_OBJC_ISA_USAGE = YES_ERROR;
				CLANG_WARN_DOCUMENTATION_COMMENTS = YES;
				CLANG_WARN_EMPTY_BODY = YES;
				CLANG_WARN_ENUM_CONVERSION = YES;
				CLANG_WARN_INFINITE_RECURSION = YES;
				CLANG_WARN_INT_CONVERSION = YES;
				CLANG_WARN_NON_LITERAL_NULL_CONVERSION = YES;
				CLANG_WARN_OBJC_IMPLICIT_RETAIN_SELF = YES;
				CLANG_WARN_OBJC_LITERAL_CONVERSION = YES;
				CLANG_WARN_OBJC_ROOT_CLASS = YES_ERROR;
				CLANG_WARN_QUOTED_INCLUDE_IN_FRAMEWORK_HEADER = YES;
				CLANG_WARN_RANGE_LOOP_ANALYSIS = YES;
				CLANG_WARN_STRICT_PROTOTYPES = YES;
				CLANG_WARN_SUSPICIOUS_MOVE = YES;
				CLANG_WARN_UNGUARDED_AVAILABILITY = YES_AGGRESSIVE;
				CLANG_WARN_UNREACHABLE_CODE = YES;
				CLANG_WARN__DUPLICATE_METHOD_MATCH = YES;
				COPY_PHASE_STRIP = NO;
				DEBUG_INFORMATION_FORMAT = "dwarf-with-dsym";
				ENABLE_NS_ASSERTIONS = NO;
				ENABLE_STRICT_OBJC_MSGSEND = YES;
				GCC_C_LANGUAGE_STANDARD = gnu11;
				GCC_NO_COMMON_BLOCKS = YES;
				GCC_WARN_64_TO_32_BIT_CONVERSION = YES;
				GCC_WARN_ABOUT_RETURN_TYPE = YES_ERROR;
				GCC_WARN_UNDECLARED_SELECTOR = YES;
				GCC_WARN_UNINITIALIZED_AUTOS = YES_AGGRESSIVE;
				GCC_WARN_UNUSED_FUNCTION = YES;
				GCC_WARN_UNUSED_VARIABLE = YES;
				IPHONEOS_DEPLOYMENT_TARGET = 16.1;
				MTL_ENABLE_DEBUG_INFO = NO;
				MTL_FAST_MATH = YES;
				SDKROOT = iphoneos;
				SWIFT_COMPILATION_MODE = wholemodule;
				SWIFT_OPTIMIZATION_LEVEL = "-O";
				VALIDATE_PRODUCT = YES;
			};
			name = Release;
		};
		ED5D739729A143F6004DB457 /* Debug */ = {
			isa = XCBuildConfiguration;
			buildSettings = {
				ASSETCATALOG_COMPILER_APPICON_NAME = AppIcon;
				ASSETCATALOG_COMPILER_GLOBAL_ACCENT_COLOR_NAME = AccentColor;
				CODE_SIGN_STYLE = Automatic;
				CURRENT_PROJECT_VERSION = 1;
				DEVELOPMENT_TEAM = 34R52V7T3Z;
				GENERATE_INFOPLIST_FILE = YES;
				INFOPLIST_FILE = PomodoroApp/Info.plist;
				INFOPLIST_KEY_UIApplicationSupportsIndirectInputEvents = YES;
				INFOPLIST_KEY_UILaunchStoryboardName = LaunchScreen;
				INFOPLIST_KEY_UISupportedInterfaceOrientations = UIInterfaceOrientationPortrait;
				LD_RUNPATH_SEARCH_PATHS = (
					"$(inherited)",
					"@executable_path/Frameworks",
				);
				MARKETING_VERSION = 1.0;
				PRODUCT_BUNDLE_IDENTIFIER = com.mahmutsenbek.PomodoroApp;
				PRODUCT_NAME = "$(TARGET_NAME)";
				SWIFT_EMIT_LOC_STRINGS = YES;
				SWIFT_VERSION = 5.0;
				TARGETED_DEVICE_FAMILY = "1,2";
			};
			name = Debug;
		};
		ED5D739829A143F6004DB457 /* Release */ = {
			isa = XCBuildConfiguration;
			buildSettings = {
				ASSETCATALOG_COMPILER_APPICON_NAME = AppIcon;
				ASSETCATALOG_COMPILER_GLOBAL_ACCENT_COLOR_NAME = AccentColor;
				CODE_SIGN_STYLE = Automatic;
				CURRENT_PROJECT_VERSION = 1;
				DEVELOPMENT_TEAM = 34R52V7T3Z;
				GENERATE_INFOPLIST_FILE = YES;
				INFOPLIST_FILE = PomodoroApp/Info.plist;
				INFOPLIST_KEY_UIApplicationSupportsIndirectInputEvents = YES;
				INFOPLIST_KEY_UILaunchStoryboardName = LaunchScreen;
				INFOPLIST_KEY_UISupportedInterfaceOrientations = UIInterfaceOrientationPortrait;
				LD_RUNPATH_SEARCH_PATHS = (
					"$(inherited)",
					"@executable_path/Frameworks",
				);
				MARKETING_VERSION = 1.0;
				PRODUCT_BUNDLE_IDENTIFIER = com.mahmutsenbek.PomodoroApp;
				PRODUCT_NAME = "$(TARGET_NAME)";
				SWIFT_EMIT_LOC_STRINGS = YES;
				SWIFT_VERSION = 5.0;
				TARGETED_DEVICE_FAMILY = "1,2";
			};
			name = Release;
		};
/* End XCBuildConfiguration section */

/* Begin XCConfigurationList section */
		ED5D737D29A143F5004DB457 /* Build configuration list for PBXProject "PomodoroApp" */ = {
			isa = XCConfigurationList;
			buildConfigurations = (
				ED5D739429A143F6004DB457 /* Debug */,
				ED5D739529A143F6004DB457 /* Release */,
			);
			defaultConfigurationIsVisible = 0;
			defaultConfigurationName = Release;
		};
		ED5D739629A143F6004DB457 /* Build configuration list for PBXNativeTarget "PomodoroApp" */ = {
			isa = XCConfigurationList;
			buildConfigurations = (
				ED5D739729A143F6004DB457 /* Debug */,
				ED5D739829A143F6004DB457 /* Release */,
			);
			defaultConfigurationIsVisible = 0;
			defaultConfigurationName = Release;
		};
/* End XCConfigurationList section */

/* Begin XCRemoteSwiftPackageReference section */
		EDFA95DA29A98F1C00865037 /* XCRemoteSwiftPackageReference "lottie-spm" */ = {
			isa = XCRemoteSwiftPackageReference;
			repositoryURL = "https://github.com/airbnb/lottie-spm.git";
			requirement = {
				kind = upToNextMajorVersion;
				minimumVersion = 4.0.0;
			};
		};
/* End XCRemoteSwiftPackageReference section */

/* Begin XCSwiftPackageProductDependency section */
		EDFA95DB29A98F1C00865037 /* Lottie */ = {
			isa = XCSwiftPackageProductDependency;
			package = EDFA95DA29A98F1C00865037 /* XCRemoteSwiftPackageReference "lottie-spm" */;
			productName = Lottie;
		};
/* End XCSwiftPackageProductDependency section */
	};
	rootObject = ED5D737A29A143F5004DB457 /* Project object */;
}
